
Microsoft Visual Studio Solution File, Format Version 12.00
# Visual Studio Version 17
VisualStudioVersion = 17.10.35027.167
MinimumVisualStudioVersion = 10.0.40219.1
Project("{F184B08F-C81C-45F6-A57F-5ABD9991F28F}") = "LOGIN", "LOGIN\LOGIN.vbproj", "{4CFA6920-3339-46EC-A1BE-1E46EE7FE9E9}"
EndProject
Global
	GlobalSection(SolutionConfigurationPlatforms) = preSolution
		Debug|Any CPU = Debug|Any CPU
		Release|Any CPU = Release|Any CPU
	EndGlobalSection
	GlobalSection(ProjectConfigurationPlatforms) = postSolution
		{4CFA6920-3339-46EC-A1BE-1E46EE7FE9E9}.Debug|Any CPU.ActiveCfg = Debug|Any CPU
		{4CFA6920-3339-46EC-A1BE-1E46EE7FE9E9}.Debug|Any CPU.Build.0 = Debug|Any CPU
		{4CFA6920-3339-46EC-A1BE-1E46EE7FE9E9}.Release|Any CPU.ActiveCfg = Release|Any CPU
		{4CFA6920-3339-46EC-A1BE-1E46EE7FE9E9}.Release|Any CPU.Build.0 = Release|Any CPU
	EndGlobalSection
	GlobalSection(SolutionProperties) = preSolution
		HideSolutionNode = FALSE
	EndGlobalSection
	GlobalSection(ExtensibilityGlobals) = postSolution
		SolutionGuid = {5251568F-B0BD-45B0-892D-28C2B6747334}
	EndGlobalSection
EndGlobal
